
Microsoft Visual Studio Solution File, Format Version 12.00
# Visual Studio Version 16
VisualStudioVersion = 16.0.29509.3
MinimumVisualStudioVersion = 10.0.40219.1
Project("{FAE04EC0-301F-11D3-BF4B-00C04F79EFBC}") = "Task_00", "Task_00\Task_00.csproj", "{68580AE9-B6EA-4E52-AFF4-E6801EB504F4}"
EndProject
Project("{FAE04EC0-301F-11D3-BF4B-00C04F79EFBC}") = "Task_01", "Task_01\Task_01.csproj", "{6AC1497C-7349-4FCC-B31F-FD0694094522}"
EndProject
Project("{FAE04EC0-301F-11D3-BF4B-00C04F79EFBC}") = "Task_02", "Task_02\Task_02.csproj", "{CC75F9CA-3A29-4D32-A2EB-54186DBB7257}"
EndProject
Project("{FAE04EC0-301F-11D3-BF4B-00C04F79EFBC}") = "Task_03", "Task_03\Task_03.csproj", "{FCDF9695-0647-46D2-9DBB-C3B976BB6B41}"
EndProject
Project("{FAE04EC0-301F-11D3-BF4B-00C04F79EFBC}") = "Task_04", "Task_04\Task_04.csproj", "{129CC757-B738-4FB9-98CF-5B4A9F5E7DD4}"
EndProject
Global
	GlobalSection(SolutionConfigurationPlatforms) = preSolution
		Debug|Any CPU = Debug|Any CPU
		Release|Any CPU = Release|Any CPU
	EndGlobalSection
	GlobalSection(ProjectConfigurationPlatforms) = postSolution
		{68580AE9-B6EA-4E52-AFF4-E6801EB504F4}.Debug|Any CPU.ActiveCfg = Debug|Any CPU
		{68580AE9-B6EA-4E52-AFF4-E6801EB504F4}.Debug|Any CPU.Build.0 = Debug|Any CPU
		{68580AE9-B6EA-4E52-AFF4-E6801EB504F4}.Release|Any CPU.ActiveCfg = Release|Any CPU
		{68580AE9-B6EA-4E52-AFF4-E6801EB504F4}.Release|Any CPU.Build.0 = Release|Any CPU
		{6AC1497C-7349-4FCC-B31F-FD0694094522}.Debug|Any CPU.ActiveCfg = Debug|Any CPU
		{6AC1497C-7349-4FCC-B31F-FD0694094522}.Debug|Any CPU.Build.0 = Debug|Any CPU
		{6AC1497C-7349-4FCC-B31F-FD0694094522}.Release|Any CPU.ActiveCfg = Release|Any CPU
		{6AC1497C-7349-4FCC-B31F-FD0694094522}.Release|Any CPU.Build.0 = Release|Any CPU
		{CC75F9CA-3A29-4D32-A2EB-54186DBB7257}.Debug|Any CPU.ActiveCfg = Debug|Any CPU
		{CC75F9CA-3A29-4D32-A2EB-54186DBB7257}.Debug|Any CPU.Build.0 = Debug|Any CPU
		{CC75F9CA-3A29-4D32-A2EB-54186DBB7257}.Release|Any CPU.ActiveCfg = Release|Any CPU
		{CC75F9CA-3A29-4D32-A2EB-54186DBB7257}.Release|Any CPU.Build.0 = Release|Any CPU
		{FCDF9695-0647-46D2-9DBB-C3B976BB6B41}.Debug|Any CPU.ActiveCfg = Debug|Any CPU
		{FCDF9695-0647-46D2-9DBB-C3B976BB6B41}.Debug|Any CPU.Build.0 = Debug|Any CPU
		{FCDF9695-0647-46D2-9DBB-C3B976BB6B41}.Release|Any CPU.ActiveCfg = Release|Any CPU
		{FCDF9695-0647-46D2-9DBB-C3B976BB6B41}.Release|Any CPU.Build.0 = Release|Any CPU
		{129CC757-B738-4FB9-98CF-5B4A9F5E7DD4}.Debug|Any CPU.ActiveCfg = Debug|Any CPU
		{129CC757-B738-4FB9-98CF-5B4A9F5E7DD4}.Debug|Any CPU.Build.0 = Debug|Any CPU
		{129CC757-B738-4FB9-98CF-5B4A9F5E7DD4}.Release|Any CPU.ActiveCfg = Release|Any CPU
		{129CC757-B738-4FB9-98CF-5B4A9F5E7DD4}.Release|Any CPU.Build.0 = Release|Any CPU
	EndGlobalSection
	GlobalSection(SolutionProperties) = preSolution
		HideSolutionNode = FALSE
	EndGlobalSection
	GlobalSection(ExtensibilityGlobals) = postSolution
		SolutionGuid = {F306295B-6953-46C6-9143-E6F97A2C3F27}
	EndGlobalSection
EndGlobal
